
Microsoft Visual Studio Solution File, Format Version 12.00
# Visual Studio 2012
Project("{FAE04EC0-301F-11D3-BF4B-00C04F79EFBC}") = "ShutdownProcess", "ShutdownProcess\ShutdownProcess.csproj", "{F9641A8A-C5FD-4741-943D-28941BB58728}"
EndProject
Global
	GlobalSection(SolutionConfigurationPlatforms) = preSolution
		Debug|Any CPU = Debug|Any CPU
		Release|Any CPU = Release|Any CPU
		Description = 定時關機程式
	EndGlobalSection
	GlobalSection(ProjectConfigurationPlatforms) = postSolution
		{F9641A8A-C5FD-4741-943D-28941BB58728}.Debug|Any CPU.ActiveCfg = Debug|Any CPU
		{F9641A8A-C5FD-4741-943D-28941BB58728}.Debug|Any CPU.Build.0 = Debug|Any CPU
		{F9641A8A-C5FD-4741-943D-28941BB58728}.Release|Any CPU.ActiveCfg = Release|Any CPU
		{F9641A8A-C5FD-4741-943D-28941BB58728}.Release|Any CPU.Build.0 = Release|Any CPU
	EndGlobalSection
	GlobalSection(SolutionProperties) = preSolution
		HideSolutionNode = FALSE
	EndGlobalSection
EndGlobal
